
Microsoft Visual Studio Solution File, Format Version 12.00
# Visual Studio 15
VisualStudioVersion = 15.0.28307.421
MinimumVisualStudioVersion = 10.0.40219.1
Project("{FAE04EC0-301F-11D3-BF4B-00C04F79EFBC}") = "Torque", "Torque\Torque.csproj", "{3F9929EF-3BE6-48A8-8E85-3101B57426B8}"
EndProject
Global
	GlobalSection(SolutionConfigurationPlatforms) = preSolution
		Debug|Any CPU = Debug|Any CPU
		Release|Any CPU = Release|Any CPU
	EndGlobalSection
	GlobalSection(ProjectConfigurationPlatforms) = postSolution
		{3F9929EF-3BE6-48A8-8E85-3101B57426B8}.Debug|Any CPU.ActiveCfg = Release|Any CPU
		{3F9929EF-3BE6-48A8-8E85-3101B57426B8}.Debug|Any CPU.Build.0 = Release|Any CPU
		{3F9929EF-3BE6-48A8-8E85-3101B57426B8}.Release|Any CPU.ActiveCfg = Release|Any CPU
		{3F9929EF-3BE6-48A8-8E85-3101B57426B8}.Release|Any CPU.Build.0 = Release|Any CPU
	EndGlobalSection
	GlobalSection(SolutionProperties) = preSolution
		HideSolutionNode = FALSE
	EndGlobalSection
	GlobalSection(ExtensibilityGlobals) = postSolution
		SolutionGuid = {82442BDF-336B-4E79-A7E1-BFF660ED1909}
	EndGlobalSection
EndGlobal
